PODS:
  - Nuke (7.5.2)
  - shared (1.1)

DEPENDENCIES:
  - Nuke
  - shared (from `../shared/`)

SPEC REPOS:
  trunk:
    - Nuke

EXTERNAL SOURCES:
  shared:
    :path: "../shared/"

SPEC CHECKSUMS:
  Nuke: 0350d346a688426e8f2331253ef28dc2fc4f6178
  shared: 490c37edc17adf6125d519f94140a5aa8271c9bf

PODFILE CHECKSUM: 85497fda825b26b8534ed900359b5f0a0b3c902d

COCOAPODS: 1.10.1
